# this file is automatically generated; do not edit by hand.

[deps.mach-std]
url = "https://github.com/octalide/mach-std"
ref = "branch/main"
commit = "eb940a5b48020c18ac73464377d2ba5471241306"

[deps.mach]
url = "https://github.com/octalide/mach"
ref = "branch/main"
commit = "cd3cf02b49edaaa30d8047c678ce71df5b0a6932"
