# this file is automatically generated; do not edit by hand.

[deps.mach-std]
url = "https://github.com/octalide/mach-std"
ref = "branch/main"
commit = "eb940a5b48020c18ac73464377d2ba5471241306"

[deps.mach]
url = "https://github.com/octalide/mach"
ref = "branch/main"
commit = "2d1ab6fc47aaf1119926704625821babedc73deb"
