# generated by `mach dep pull`; do not edit by hand.
version = 1

[deps.mach-std]
url = "https://github.com/octalide/mach-std"
ref = "branch/dev"
commit = "a86b0285d5567ba4ba444ec7e6e4c9dad123597b"

[deps.mach]
url = "https://github.com/octalide/mach"
ref = "v1.4.0"
commit = "d173077d2d4984e093c92ddb77ac846130daa55f"
